
Microsoft Visual Studio Solution File, Format Version 12.00
# Visual Studio Version 17
VisualStudioVersion = 17.2.32602.215
MinimumVisualStudioVersion = 10.0.40219.1
Project("{FAE04EC0-301F-11D3-BF4B-00C04F79EFBC}") = "NoteTakingApp", "NoteTakingApp\NoteTakingApp.csproj", "{3B87D25A-AA99-4615-A2B6-6D5460E252BE}"
EndProject
Global
	GlobalSection(SolutionConfigurationPlatforms) = preSolution
		Debug|Any CPU = Debug|Any CPU
		Release|Any CPU = Release|Any CPU
	EndGlobalSection
	GlobalSection(ProjectConfigurationPlatforms) = postSolution
		{3B87D25A-AA99-4615-A2B6-6D5460E252BE}.Debug|Any CPU.ActiveCfg = Debug|Any CPU
		{3B87D25A-AA99-4615-A2B6-6D5460E252BE}.Debug|Any CPU.Build.0 = Debug|Any CPU
		{3B87D25A-AA99-4615-A2B6-6D5460E252BE}.Release|Any CPU.ActiveCfg = Release|Any CPU
		{3B87D25A-AA99-4615-A2B6-6D5460E252BE}.Release|Any CPU.Build.0 = Release|Any CPU
	EndGlobalSection
	GlobalSection(SolutionProperties) = preSolution
		HideSolutionNode = FALSE
	EndGlobalSection
	GlobalSection(ExtensibilityGlobals) = postSolution
		SolutionGuid = {95DCC658-3B36-49BB-8A64-2B45AEDD1949}
	EndGlobalSection
EndGlobal
